
Microsoft Visual Studio Solution File, Format Version 12.00
# Visual Studio Version 16
VisualStudioVersion = 16.0.31321.278
MinimumVisualStudioVersion = 10.0.40219.1
Project("{FAE04EC0-301F-11D3-BF4B-00C04F79EFBC}") = "ServiceClient", "ServiceClient\ServiceClient.csproj", "{814EE906-4A37-4E78-8E69-B637A23EF134}"
EndProject
Project("{FAE04EC0-301F-11D3-BF4B-00C04F79EFBC}") = "UnitTests", "UnitTests\UnitTests.csproj", "{5895F76D-7EDF-43AC-8B85-569DD25631AC}"
EndProject
Project("{FAE04EC0-301F-11D3-BF4B-00C04F79EFBC}") = "IntegrationTests", "IntegrationTests\IntegrationTests.csproj", "{131A5AAE-E08F-404B-A6F9-81C7D0B6C2AB}"
EndProject
Project("{2150E333-8FDC-42A3-9474-1A3956D46DE8}") = "Tests", "Tests", "{4E7DE119-E274-4A2D-8019-B46F6CC0ADA9}"
EndProject
Project("{FAE04EC0-301F-11D3-BF4B-00C04F79EFBC}") = "ServiceTests", "ServiceTests\ServiceTests.csproj", "{737A208F-4297-4557-A910-F3028F0C745D}"
EndProject
Global
	GlobalSection(SolutionConfigurationPlatforms) = preSolution
		Debug|Any CPU = Debug|Any CPU
		Release|Any CPU = Release|Any CPU
	EndGlobalSection
	GlobalSection(ProjectConfigurationPlatforms) = postSolution
		{814EE906-4A37-4E78-8E69-B637A23EF134}.Debug|Any CPU.ActiveCfg = Debug|Any CPU
		{814EE906-4A37-4E78-8E69-B637A23EF134}.Debug|Any CPU.Build.0 = Debug|Any CPU
		{814EE906-4A37-4E78-8E69-B637A23EF134}.Release|Any CPU.ActiveCfg = Release|Any CPU
		{814EE906-4A37-4E78-8E69-B637A23EF134}.Release|Any CPU.Build.0 = Release|Any CPU
		{5895F76D-7EDF-43AC-8B85-569DD25631AC}.Debug|Any CPU.ActiveCfg = Debug|Any CPU
		{5895F76D-7EDF-43AC-8B85-569DD25631AC}.Debug|Any CPU.Build.0 = Debug|Any CPU
		{5895F76D-7EDF-43AC-8B85-569DD25631AC}.Release|Any CPU.ActiveCfg = Release|Any CPU
		{5895F76D-7EDF-43AC-8B85-569DD25631AC}.Release|Any CPU.Build.0 = Release|Any CPU
		{131A5AAE-E08F-404B-A6F9-81C7D0B6C2AB}.Debug|Any CPU.ActiveCfg = Debug|Any CPU
		{131A5AAE-E08F-404B-A6F9-81C7D0B6C2AB}.Debug|Any CPU.Build.0 = Debug|Any CPU
		{131A5AAE-E08F-404B-A6F9-81C7D0B6C2AB}.Release|Any CPU.ActiveCfg = Release|Any CPU
		{131A5AAE-E08F-404B-A6F9-81C7D0B6C2AB}.Release|Any CPU.Build.0 = Release|Any CPU
		{737A208F-4297-4557-A910-F3028F0C745D}.Debug|Any CPU.ActiveCfg = Debug|Any CPU
		{737A208F-4297-4557-A910-F3028F0C745D}.Debug|Any CPU.Build.0 = Debug|Any CPU
		{737A208F-4297-4557-A910-F3028F0C745D}.Release|Any CPU.ActiveCfg = Release|Any CPU
		{737A208F-4297-4557-A910-F3028F0C745D}.Release|Any CPU.Build.0 = Release|Any CPU
	EndGlobalSection
	GlobalSection(SolutionProperties) = preSolution
		HideSolutionNode = FALSE
	EndGlobalSection
	GlobalSection(NestedProjects) = preSolution
		{5895F76D-7EDF-43AC-8B85-569DD25631AC} = {4E7DE119-E274-4A2D-8019-B46F6CC0ADA9}
		{131A5AAE-E08F-404B-A6F9-81C7D0B6C2AB} = {4E7DE119-E274-4A2D-8019-B46F6CC0ADA9}
		{737A208F-4297-4557-A910-F3028F0C745D} = {4E7DE119-E274-4A2D-8019-B46F6CC0ADA9}
	EndGlobalSection
	GlobalSection(ExtensibilityGlobals) = postSolution
		SolutionGuid = {EEA264C2-7EF4-40D1-BC9D-22CAB5FA6584}
	EndGlobalSection
EndGlobal
